// !$*UTF8*$!
{
	archiveVersion = 1;
	classes = {
	};
	objectVersion = 46;
	objects = {

/* Begin PBXBuildFile section */
		F42D3EDE1E8EB271006BAE79 /* AppDelegate.swift in Sources */ = {isa = PBXBuildFile; fileRef = F42D3EDD1E8EB271006BAE79 /* AppDelegate.swift */; };
		F42D3EE31E8EB271006BAE79 /* Main.storyboard in Resources */ = {isa = PBXBuildFile; fileRef = F42D3EE11E8EB271006BAE79 /* Main.storyboard */; };
		F42D3EE51E8EB271006BAE79 /* Assets.xcassets in Resources */ = {isa = PBXBuildFile; fileRef = F42D3EE41E8EB271006BAE79 /* Assets.xcassets */; };
		F42D3EE81E8EB271006BAE79 /* LaunchScreen.storyboard in Resources */ = {isa = PBXBuildFile; fileRef = F42D3EE61E8EB271006BAE79 /* LaunchScreen.storyboard */; };
		F42D3EF11E8EB320006BAE79 /* Earthquakes.xcdatamodeld in Sources */ = {isa = PBXBuildFile; fileRef = F42D3EEF1E8EB320006BAE79 /* Earthquakes.xcdatamodeld */; };
		F42D3EFC1E8EB768006BAE79 /* Quake+CoreDataClass.swift in Sources */ = {isa = PBXBuildFile; fileRef = F42D3EFA1E8EB768006BAE79 /* Quake+CoreDataClass.swift */; };
		F42D3EFD1E8EB768006BAE79 /* Quake+CoreDataProperties.swift in Sources */ = {isa = PBXBuildFile; fileRef = F42D3EFB1E8EB768006BAE79 /* Quake+CoreDataProperties.swift */; };
		F42D3F011E8EED50006BAE79 /* TableViewCell.swift in Sources */ = {isa = PBXBuildFile; fileRef = F42D3F001E8EED50006BAE79 /* TableViewCell.swift */; };
		F42D3F241E9269B8006BAE79 /* QuakesTableViewController.swift in Sources */ = {isa = PBXBuildFile; fileRef = F42D3F231E9269B8006BAE79 /* QuakesTableViewController.swift */; };
/* End PBXBuildFile section */

/* Begin PBXFileReference section */
		F42D3EDA1E8EB271006BAE79 /* Earthquakes.app */ = {isa = PBXFileReference; explicitFileType = wrapper.application; includeInIndex = 0; path = Earthquakes.app; sourceTree = BUILT_PRODUCTS_DIR; };
		F42D3EDD1E8EB271006BAE79 /* AppDelegate.swift */ = {isa = PBXFileReference; lastKnownFileType = sourcecode.swift; path = AppDelegate.swift; sourceTree = "<group>"; };
		F42D3EE21E8EB271006BAE79 /* Base */ = {isa = PBXFileReference; lastKnownFileType = file.storyboard; name = Base; path = Base.lproj/Main.storyboard; sourceTree = "<group>"; };
		F42D3EE41E8EB271006BAE79 /* Assets.xcassets */ = {isa = PBXFileReference; lastKnownFileType = folder.assetcatalog; path = Assets.xcassets; sourceTree = "<group>"; };
		F42D3EE71E8EB271006BAE79 /* Base */ = {isa = PBXFileReference; lastKnownFileType = file.storyboard; name = Base; path = Base.lproj/LaunchScreen.storyboard; sourceTree = "<group>"; };
		F42D3EE91E8EB271006BAE79 /* Info.plist */ = {isa = PBXFileReference; lastKnownFileType = text.plist.xml; path = Info.plist; sourceTree = "<group>"; };
		F42D3EF01E8EB320006BAE79 /* Earthquakes.xcdatamodel */ = {isa = PBXFileReference; lastKnownFileType = wrapper.xcdatamodel; path = Earthquakes.xcdatamodel; sourceTree = "<group>"; };
		F42D3EFA1E8EB768006BAE79 /* Quake+CoreDataClass.swift */ = {isa = PBXFileReference; fileEncoding = 4; lastKnownFileType = sourcecode.swift; path = "Quake+CoreDataClass.swift"; sourceTree = "<group>"; };
		F42D3EFB1E8EB768006BAE79 /* Quake+CoreDataProperties.swift */ = {isa = PBXFileReference; fileEncoding = 4; lastKnownFileType = sourcecode.swift; path = "Quake+CoreDataProperties.swift"; sourceTree = "<group>"; };
		F42D3F001E8EED50006BAE79 /* TableViewCell.swift */ = {isa = PBXFileReference; fileEncoding = 4; lastKnownFileType = sourcecode.swift; path = TableViewCell.swift; sourceTree = "<group>"; };
		F42D3F231E9269B8006BAE79 /* QuakesTableViewController.swift */ = {isa = PBXFileReference; fileEncoding = 4; lastKnownFileType = sourcecode.swift; path = QuakesTableViewController.swift; sourceTree = "<group>"; };
/* End PBXFileReference section */

/* Begin PBXFrameworksBuildPhase section */
		F42D3ED71E8EB271006BAE79 /* Frameworks */ = {
			isa = PBXFrameworksBuildPhase;
			buildActionMask = 2147483647;
			files = (
			);
			runOnlyForDeploymentPostprocessing = 0;
		};
/* End PBXFrameworksBuildPhase section */

/* Begin PBXGroup section */
		F42D3ED11E8EB271006BAE79 = {
			isa = PBXGroup;
			children = (
				F42D3EFA1E8EB768006BAE79 /* Quake+CoreDataClass.swift */,
				F42D3EFB1E8EB768006BAE79 /* Quake+CoreDataProperties.swift */,
				F42D3EDC1E8EB271006BAE79 /* Earthquakes */,
				F42D3EDB1E8EB271006BAE79 /* Products */,
			);
			sourceTree = "<group>";
		};
		F42D3EDB1E8EB271006BAE79 /* Products */ = {
			isa = PBXGroup;
			children = (
				F42D3EDA1E8EB271006BAE79 /* Earthquakes.app */,
			);
			name = Products;
			sourceTree = "<group>";
		};
		F42D3EDC1E8EB271006BAE79 /* Earthquakes */ = {
			isa = PBXGroup;
			children = (
				F42D3EDD1E8EB271006BAE79 /* AppDelegate.swift */,
				F42D3F231E9269B8006BAE79 /* QuakesTableViewController.swift */,
				F42D3EEF1E8EB320006BAE79 /* Earthquakes.xcdatamodeld */,
				F42D3EE11E8EB271006BAE79 /* Main.storyboard */,
				F42D3F001E8EED50006BAE79 /* TableViewCell.swift */,
				F42D3EE41E8EB271006BAE79 /* Assets.xcassets */,
				F42D3EE61E8EB271006BAE79 /* LaunchScreen.storyboard */,
				F42D3EE91E8EB271006BAE79 /* Info.plist */,
			);
			path = Earthquakes;
			sourceTree = "<group>";
		};
/* End PBXGroup section */

/* Begin PBXNativeTarget section */
		F42D3ED91E8EB271006BAE79 /* Earthquakes */ = {
			isa = PBXNativeTarget;
			buildConfigurationList = F42D3EEC1E8EB271006BAE79 /* Build configuration list for PBXNativeTarget "Earthquakes" */;
			buildPhases = (
				F42D3ED61E8EB271006BAE79 /* Sources */,
				F42D3ED71E8EB271006BAE79 /* Frameworks */,
				F42D3ED81E8EB271006BAE79 /* Resources */,
			);
			buildRules = (
			);
			dependencies = (
			);
			name = Earthquakes;
			productName = Earthquakes;
			productReference = F42D3EDA1E8EB271006BAE79 /* Earthquakes.app */;
			productType = "com.apple.product-type.application";
		};
/* End PBXNativeTarget section */

/* Begin PBXProject section */
		F42D3ED21E8EB271006BAE79 /* Project object */ = {
			isa = PBXProject;
			attributes = {
				LastSwiftUpdateCheck = 0820;
				LastUpgradeCheck = 0820;
				ORGANIZATIONNAME = "Billys Awesome App House";
				TargetAttributes = {
					F42D3ED91E8EB271006BAE79 = {
						CreatedOnToolsVersion = 8.2.1;
						DevelopmentTeam = 554FWEXXGL;
						LastSwiftMigration = 0820;
						ProvisioningStyle = Automatic;
					};
				};
			};
			buildConfigurationList = F42D3ED51E8EB271006BAE79 /* Build configuration list for PBXProject "Earthquakes" */;
			compatibilityVersion = "Xcode 3.2";
			developmentRegion = English;
			hasScannedForEncodings = 0;
			knownRegions = (
				en,
				Base,
			);
			mainGroup = F42D3ED11E8EB271006BAE79;
			productRefGroup = F42D3EDB1E8EB271006BAE79 /* Products */;
			projectDirPath = "";
			projectRoot = "";
			targets = (
				F42D3ED91E8EB271006BAE79 /* Earthquakes */,
			);
		};
/* End PBXProject section */

/* Begin PBXResourcesBuildPhase section */
		F42D3ED81E8EB271006BAE79 /* Resources */ = {
			isa = PBXResourcesBuildPhase;
			buildActionMask = 2147483647;
			files = (
				F42D3EE81E8EB271006BAE79 /* LaunchScreen.storyboard in Resources */,
				F42D3EE51E8EB271006BAE79 /* Assets.xcassets in Resources */,
				F42D3EE31E8EB271006BAE79 /* Main.storyboard in Resources */,
			);
			runOnlyForDeploymentPostprocessing = 0;
		};
/* End PBXResourcesBuildPhase section */

/* Begin PBXSourcesBuildPhase section */
		F42D3ED61E8EB271006BAE79 /* Sources */ = {
			isa = PBXSourcesBuildPhase;
			buildActionMask = 2147483647;
			files = (
				F42D3EF11E8EB320006BAE79 /* Earthquakes.xcdatamodeld in Sources */,
				F42D3EFC1E8EB768006BAE79 /* Quake+CoreDataClass.swift in Sources */,
				F42D3F241E9269B8006BAE79 /* QuakesTableViewController.swift in Sources */,
				F42D3EFD1E8EB768006BAE79 /* Quake+CoreDataProperties.swift in Sources */,
				F42D3EDE1E8EB271006BAE79 /* AppDelegate.swift in Sources */,
				F42D3F011E8EED50006BAE79 /* TableViewCell.swift in Sources */,
			);
			runOnlyForDeploymentPostprocessing = 0;
		};
/* End PBXSourcesBuildPhase section */

/* Begin PBXVariantGroup section */
		F42D3EE11E8EB271006BAE79 /* Main.storyboard */ = {
			isa = PBXVariantGroup;
			children = (
				F42D3EE21E8EB271006BAE79 /* Base */,
			);
			name = Main.storyboard;
			sourceTree = "<group>";
		};
		F42D3EE61E8EB271006BAE79 /* LaunchScreen.storyboard */ = {
			isa = PBXVariantGroup;
			children = (
				F42D3EE71E8EB271006BAE79 /* Base */,
			);
			name = LaunchScreen.storyboard;
			sourceTree = "<group>";
		};
/* End PBXVariantGroup section */

/* Begin XCBuildConfiguration section */
		F42D3EEA1E8EB271006BAE79 /* Debug */ = {
			isa = XCBuildConfiguration;
			buildSettings = {
				ALWAYS_SEARCH_USER_PATHS = NO;
				CLANG_ANALYZER_NONNULL = YES;
				CLANG_CXX_LANGUAGE_STANDARD = "gnu++0x";
				CLANG_CXX_LIBRARY = "libc++";
				CLANG_ENABLE_MODULES = YES;
				CLANG_ENABLE_OBJC_ARC = YES;
				CLANG_WARN_BOOL_CONVERSION = YES;
				CLANG_WARN_CONSTANT_CONVERSION = YES;
				CLANG_WARN_DIRECT_OBJC_ISA_USAGE = YES_ERROR;
				CLANG_WARN_DOCUMENTATION_COMMENTS = YES;
				CLANG_WARN_EMPTY_BODY = YES;
				CLANG_WARN_ENUM_CONVERSION = YES;
				CLANG_WARN_INFINITE_RECURSION = YES;
				CLANG_WARN_INT_CONVERSION = YES;
				CLANG_WARN_OBJC_ROOT_CLASS = YES_ERROR;
				CLANG_WARN_SUSPICIOUS_MOVE = YES;
				CLANG_WARN_UNREACHABLE_CODE = YES;
				CLANG_WARN__DUPLICATE_METHOD_MATCH = YES;
				"CODE_SIGN_IDENTITY[sdk=iphoneos*]" = "iPhone Developer";
				COPY_PHASE_STRIP = NO;
				DEBUG_INFORMATION_FORMAT = dwarf;
				ENABLE_STRICT_OBJC_MSGSEND = YES;
				ENABLE_TESTABILITY = YES;
				GCC_C_LANGUAGE_STANDARD = gnu99;
				GCC_DYNAMIC_NO_PIC = NO;
				GCC_NO_COMMON_BLOCKS = YES;
				GCC_OPTIMIZATION_LEVEL = 0;
				GCC_PREPROCESSOR_DEFINITIONS = (
					"DEBUG=1",
					"$(inherited)",
				);
				GCC_WARN_64_TO_32_BIT_CONVERSION = YES;
				GCC_WARN_ABOUT_RETURN_TYPE = YES_ERROR;
				GCC_WARN_UNDECLARED_SELECTOR = YES;
				GCC_WARN_UNINITIALIZED_AUTOS = YES_AGGRESSIVE;
				GCC_WARN_UNUSED_FUNCTION = YES;
				GCC_WARN_UNUSED_VARIABLE = YES;
				IPHONEOS_DEPLOYMENT_TARGET = 10.2;
				MTL_ENABLE_DEBUG_INFO = YES;
				ONLY_ACTIVE_ARCH = YES;
				SDKROOT = iphoneos;
				SWIFT_ACTIVE_COMPILATION_CONDITIONS = DEBUG;
				SWIFT_OPTIMIZATION_LEVEL = "-Onone";
			};
			name = Debug;
		};
		F42D3EEB1E8EB271006BAE79 /* Release */ = {
			isa = XCBuildConfiguration;
			buildSettings = {
				ALWAYS_SEARCH_USER_PATHS = NO;
				CLANG_ANALYZER_NONNULL = YES;
				CLANG_CXX_LANGUAGE_STANDARD = "gnu++0x";
				CLANG_CXX_LIBRARY = "libc++";
				CLANG_ENABLE_MODULES = YES;
				CLANG_ENABLE_OBJC_ARC = YES;
				CLANG_WARN_BOOL_CONVERSION = YES;
				CLANG_WARN_CONSTANT_CONVERSION = YES;
				CLANG_WARN_DIRECT_OBJC_ISA_USAGE = YES_ERROR;
				CLANG_WARN_DOCUMENTATION_COMMENTS = YES;
				CLANG_WARN_EMPTY_BODY = YES;
				CLANG_WARN_ENUM_CONVERSION = YES;
				CLANG_WARN_INFINITE_RECURSION = YES;
				CLANG_WARN_INT_CONVERSION = YES;
				CLANG_WARN_OBJC_ROOT_CLASS = YES_ERROR;
				CLANG_WARN_SUSPICIOUS_MOVE = YES;
				CLANG_WARN_UNREACHABLE_CODE = YES;
				CLANG_WARN__DUPLICATE_METHOD_MATCH = YES;
				"CODE_SIGN_IDENTITY[sdk=iphoneos*]" = "iPhone Developer";
				COPY_PHASE_STRIP = NO;
				DEBUG_INFORMATION_FORMAT = "dwarf-with-dsym";
				ENABLE_NS_ASSERTIONS = NO;
				ENABLE_STRICT_OBJC_MSGSEND = YES;
				GCC_C_LANGUAGE_STANDARD = gnu99;
				GCC_NO_COMMON_BLOCKS = YES;
				GCC_WARN_64_TO_32_BIT_CONVERSION = YES;
				GCC_WARN_ABOUT_RETURN_TYPE = YES_ERROR;
				GCC_WARN_UNDECLARED_SELECTOR = YES;
				GCC_WARN_UNINITIALIZED_AUTOS = YES_AGGRESSIVE;
				GCC_WARN_UNUSED_FUNCTION = YES;
				GCC_WARN_UNUSED_VARIABLE = YES;
				IPHONEOS_DEPLOYMENT_TARGET = 10.2;
				MTL_ENABLE_DEBUG_INFO = NO;
				SDKROOT = iphoneos;
				SWIFT_OPTIMIZATION_LEVEL = "-Owholemodule";
				VALIDATE_PRODUCT = YES;
			};
			name = Release;
		};
		F42D3EED1E8EB271006BAE79 /* Debug */ = {
			isa = XCBuildConfiguration;
			buildSettings = {
				ASSETCATALOG_COMPILER_APPICON_NAME = AppIcon;
				CLANG_ENABLE_MODULES = YES;
				DEVELOPMENT_TEAM = 554FWEXXGL;
				INFOPLIST_FILE = Earthquakes/Info.plist;
				LD_RUNPATH_SEARCH_PATHS = "$(inherited) @executable_path/Frameworks";
				PRODUCT_BUNDLE_IDENTIFIER = com.example.Earthquakes;
				PRODUCT_NAME = "$(TARGET_NAME)";
				SWIFT_OPTIMIZATION_LEVEL = "-Onone";
				SWIFT_VERSION = 3.0;
			};
			name = Debug;
		};
		F42D3EEE1E8EB271006BAE79 /* Release */ = {
			isa = XCBuildConfiguration;
			buildSettings = {
				ASSETCATALOG_COMPILER_APPICON_NAME = AppIcon;
				CLANG_ENABLE_MODULES = YES;
				DEVELOPMENT_TEAM = 554FWEXXGL;
				INFOPLIST_FILE = Earthquakes/Info.plist;
				LD_RUNPATH_SEARCH_PATHS = "$(inherited) @executable_path/Frameworks";
				PRODUCT_BUNDLE_IDENTIFIER = com.example.Earthquakes;
				PRODUCT_NAME = "$(TARGET_NAME)";
				SWIFT_VERSION = 3.0;
			};
			name = Release;
		};
/* End XCBuildConfiguration section */

/* Begin XCConfigurationList section */
		F42D3ED51E8EB271006BAE79 /* Build configuration list for PBXProject "Earthquakes" */ = {
			isa = XCConfigurationList;
			buildConfigurations = (
				F42D3EEA1E8EB271006BAE79 /* Debug */,
				F42D3EEB1E8EB271006BAE79 /* Release */,
			);
			defaultConfigurationIsVisible = 0;
			defaultConfigurationName = Release;
		};
		F42D3EEC1E8EB271006BAE79 /* Build configuration list for PBXNativeTarget "Earthquakes" */ = {
			isa = XCConfigurationList;
			buildConfigurations = (
				F42D3EED1E8EB271006BAE79 /* Debug */,
				F42D3EEE1E8EB271006BAE79 /* Release */,
			);
			defaultConfigurationIsVisible = 0;
			defaultConfigurationName = Release;
		};
/* End XCConfigurationList section */

/* Begin XCVersionGroup section */
		F42D3EEF1E8EB320006BAE79 /* Earthquakes.xcdatamodeld */ = {
			isa = XCVersionGroup;
			children = (
				F42D3EF01E8EB320006BAE79 /* Earthquakes.xcdatamodel */,
			);
			currentVersion = F42D3EF01E8EB320006BAE79 /* Earthquakes.xcdatamodel */;
			path = Earthquakes.xcdatamodeld;
			sourceTree = "<group>";
			versionGroupType = wrapper.xcdatamodel;
		};
/* End XCVersionGroup section */
	};
	rootObject = F42D3ED21E8EB271006BAE79 /* Project object */;
}
